
Microsoft Visual Studio Solution File, Format Version 12.00
# Visual Studio Version 17
VisualStudioVersion = 17.13.35919.96 d17.13
MinimumVisualStudioVersion = 10.0.40219.1
Project("{FAE04EC0-301F-11D3-BF4B-00C04F79EFBC}") = "Bai4lab11", "Bai4lab11.csproj", "{6655B88A-B96C-42ED-8332-32A056035BEA}"
EndProject
Global
	GlobalSection(SolutionConfigurationPlatforms) = preSolution
		Debug|Any CPU = Debug|Any CPU
		Release|Any CPU = Release|Any CPU
	EndGlobalSection
	GlobalSection(ProjectConfigurationPlatforms) = postSolution
		{6655B88A-B96C-42ED-8332-32A056035BEA}.Debug|Any CPU.ActiveCfg = Debug|Any CPU
		{6655B88A-B96C-42ED-8332-32A056035BEA}.Debug|Any CPU.Build.0 = Debug|Any CPU
		{6655B88A-B96C-42ED-8332-32A056035BEA}.Release|Any CPU.ActiveCfg = Release|Any CPU
		{6655B88A-B96C-42ED-8332-32A056035BEA}.Release|Any CPU.Build.0 = Release|Any CPU
	EndGlobalSection
	GlobalSection(SolutionProperties) = preSolution
		HideSolutionNode = FALSE
	EndGlobalSection
	GlobalSection(ExtensibilityGlobals) = postSolution
		SolutionGuid = {56C82FA8-6C28-4888-9A1C-D2D5A4343929}
	EndGlobalSection
EndGlobal
